
Microsoft Visual Studio Solution File, Format Version 12.00
# Visual Studio Version 16
VisualStudioVersion = 16.0.29920.165
MinimumVisualStudioVersion = 10.0.40219.1
Project("{9A19103F-16F7-4668-BE54-9A1E7A4F7556}") = "StructValueTuplePerformance", "StructValueTuplePerformance.csproj", "{3927AA6B-8EEF-4153-865B-35D3C474FC59}"
EndProject
Global
	GlobalSection(SolutionConfigurationPlatforms) = preSolution
		Debug|Any CPU = Debug|Any CPU
		Release|Any CPU = Release|Any CPU
	EndGlobalSection
	GlobalSection(ProjectConfigurationPlatforms) = postSolution
		{3927AA6B-8EEF-4153-865B-35D3C474FC59}.Debug|Any CPU.ActiveCfg = Debug|Any CPU
		{3927AA6B-8EEF-4153-865B-35D3C474FC59}.Debug|Any CPU.Build.0 = Debug|Any CPU
		{3927AA6B-8EEF-4153-865B-35D3C474FC59}.Release|Any CPU.ActiveCfg = Release|Any CPU
		{3927AA6B-8EEF-4153-865B-35D3C474FC59}.Release|Any CPU.Build.0 = Release|Any CPU
	EndGlobalSection
	GlobalSection(SolutionProperties) = preSolution
		HideSolutionNode = FALSE
	EndGlobalSection
	GlobalSection(ExtensibilityGlobals) = postSolution
		SolutionGuid = {25772684-3134-4505-BD45-BAC847E1E25E}
	EndGlobalSection
EndGlobal
